{
  "name": "dsh-winscope",
  "version": "0.1.0",
  "lockfileVersion": 3,
  "requires": true,
  "packages": {
    "": {
      "name": "dsh-winscope",
      "version": "0.1.0",
      "license": "Apache-2.0",
      "devDependencies": {
        "@deepseek-ai/cordis": "^4.0.1",
        "@deepseek-ai/dsh-agent": "^0.1.1-rc.2",
        "@deepseek-ai/dsh-attachment": "^0.1.1-rc.2",
        "@deepseek-ai/dsh-brand": "^0.1.1-rc.2",
        "@deepseek-ai/dsh-code-runtime": "^0.1.1-rc.2",
        "@deepseek-ai/dsh-host-webserver": "0.1.1-rc.2",
        "@deepseek-ai/dsh-invariants": "^0.1.1-rc.2",
        "@deepseek-ai/dsh-llm": "0.1.1-rc.2",
        "@deepseek-ai/dsh-scope": "^0.1.1-rc.2",
        "@deepseek-ai/dsh-session": "^0.1.1-rc.2",
        "@deepseek-ai/dsh-system-prompt": "^0.1.1-rc.2",
        "@deepseek-ai/dsh-timeout": "^0.1.1-rc.2",
        "@deepseek-ai/dsh-tools": "0.1.1-rc.2",
        "@deepseek-ai/dsh-user-approval": "^0.1.1-rc.2",
        "@deepseek-ai/schemastery": "^3.18.1",
        "@types/node": "^24.0.0",
        "@types/react": "~18.3.1",
        "react": "^18.2.0",
        "tsdown": "^0.22.2",
        "typescript": "^5.6.0"
      },
      "engines": {
        "node": ">=20"
      },
      "peerDependencies": {
        "@deepseek-ai/cordis": "^4.0.1",
        "react": "^18.2.0"
      }
    },
    "node_modules/@deepseek-ai/cordis": {
      "version": "4.0.2",
      "dev": true,
      "license": "MIT",
      "dependencies": {
        "@deepseek-ai/cosmokit": "^1.8.3",
        "@standard-schema/spec": "^1.1.0"
      },
      "bin": {
        "cordis": "bin.js"
      },
      "peerDependencies": {
        "@deepseek-ai/cordis-plugin-include": "^1.0.7",
        "@deepseek-ai/cordis-plugin-loader": "^1.0.3"
      },
      "peerDependenciesMeta": {
        "@deepseek-ai/cordis-plugin-include": {
          "optional": true
        },
        "@deepseek-ai/cordis-plugin-loader": {
          "optional": true
        }
      }
    },
    "node_modules/@deepseek-ai/cosmokit": {
      "version": "1.8.3",
      "dev": true,
      "license": "MIT"
    },
    "node_modules/@deepseek-ai/dsh-agent": {
      "version": "0.1.1-rc.2",
      "resolved": "https://registry.npmmirror.com/@deepseek-ai/dsh-agent/-/dsh-agent-0.1.1-rc.2.tgz",
      "integrity": "sha512-cC7lnJe7JgPFcreNXxcxLMxQd78LnpVO9ZXROjZsGRQN1zGH6i/DduI892F1am85IfzzO+XTxMwwUHmfwamb0g==",
      "dev": true,
      "license": "MIT",
      "peerDependencies": {
        "@deepseek-ai/cordis": "^4.0.1",
        "@deepseek-ai/dsh-invariants": "^0.1.1-rc.2",
        "@deepseek-ai/dsh-llm": "^0.1.1-rc.2",
        "@deepseek-ai/dsh-scope": "^0.1.1-rc.2",
        "@deepseek-ai/dsh-session": "^0.1.1-rc.2",
        "@deepseek-ai/dsh-system-prompt": "^0.1.1-rc.2",
        "@deepseek-ai/dsh-typert-protocol": "^0.1.1-rc.2"
      }
    },
    "node_modules/@deepseek-ai/dsh-attachment": {
      "version": "0.1.1-rc.2",
      "resolved": "https://registry.npmmirror.com/@deepseek-ai/dsh-attachment/-/dsh-attachment-0.1.1-rc.2.tgz",
      "integrity": "sha512-rCYAt8QsawP1yfDCU7XxNwYT/XWvyFsxYrkwhLLkdfW83QVD0CQHizSkTQE7RFX74nKUD1z3sTLfnLr7xneArw==",
      "dev": true,
      "license": "MIT",
      "peerDependencies": {
        "@deepseek-ai/cordis": "^4.0.1",
        "@deepseek-ai/dsh-brand": "^0.1.1-rc.2",
        "@deepseek-ai/dsh-invariants": "^0.1.1-rc.2"
      }
    },
    "node_modules/@deepseek-ai/dsh-brand": {
      "version": "0.1.1-rc.2",
      "resolved": "https://registry.npmmirror.com/@deepseek-ai/dsh-brand/-/dsh-brand-0.1.1-rc.2.tgz",
      "integrity": "sha512-8vXsAXoUdzKAgvd/E9DgyT6HKmR6ZM4rtJ3fs/XoJ6n2kBk4tWil8Lv+jxCMWJeMOnTJF55gu2+NWQ3ECFPtJw==",
      "dev": true,
      "license": "MIT",
      "peerDependencies": {
        "@deepseek-ai/cordis": "^4.0.1",
        "@deepseek-ai/dsh-invariants": "^0.1.1-rc.2"
      }
    },
    "node_modules/@deepseek-ai/dsh-code-runtime": {
      "version": "0.1.1-rc.2",
      "resolved": "https://registry.npmmirror.com/@deepseek-ai/dsh-code-runtime/-/dsh-code-runtime-0.1.1-rc.2.tgz",
      "integrity": "sha512-SgFresqH5UABzRQZ7tOfqzOLMHF7089VeH+mfcwNQH5peOavgEKrAGOYz/9RnISH0XmMrj/x177t8gfO8Uvo/w==",
      "dev": true,
      "license": "MIT",
      "peerDependencies": {
        "@deepseek-ai/cordis": "^4.0.1",
        "@deepseek-ai/dsh-invariants": "^0.1.1-rc.2"
      }
    },
    "node_modules/@deepseek-ai/dsh-host-webserver": {
      "version": "0.1.1-rc.2",
      "dev": true,
      "license": "MIT",
      "dependencies": {
        "@deepseek-ai/schemastery": "^3.18.1"
      },
      "peerDependencies": {
        "@deepseek-ai/cordis": "^4.0.1",
        "@deepseek-ai/dsh-invariants": "^0.1.1-rc.2"
      }
    },
    "node_modules/@deepseek-ai/dsh-invariants": {
      "version": "0.1.1-rc.2",
      "resolved": "https://registry.npmmirror.com/@deepseek-ai/dsh-invariants/-/dsh-invariants-0.1.1-rc.2.tgz",
      "integrity": "sha512-l+1Om/EDFyMjhgSuEx2WDLLA2fia/+ga9mBTCoT/MMslsnWaK5G0/lWwbwlTBSaJ6OfmYc3DuBgox8DbgIGHRQ==",
      "dev": true,
      "license": "MIT",
      "dependencies": {
        "@deepseek-ai/schemastery": "^3.18.1"
      },
      "peerDependencies": {
        "@deepseek-ai/cordis": "^4.0.1"
      }
    },
    "node_modules/@deepseek-ai/dsh-llm": {
      "version": "0.1.1-rc.2",
      "dev": true,
      "license": "MIT",
      "dependencies": {
        "@deepseek-ai/schemastery": "^3.18.1"
      },
      "peerDependencies": {
        "@deepseek-ai/cordis": "^4.0.1",
        "@deepseek-ai/dsh-attachment": "^0.1.1-rc.2",
        "@deepseek-ai/dsh-brand": "^0.1.1-rc.2",
        "@deepseek-ai/dsh-invariants": "^0.1.1-rc.2",
        "@deepseek-ai/dsh-timeout": "^0.1.1-rc.2"
      }
    },
    "node_modules/@deepseek-ai/dsh-scope": {
      "version": "0.1.1-rc.2",
      "resolved": "https://registry.npmmirror.com/@deepseek-ai/dsh-scope/-/dsh-scope-0.1.1-rc.2.tgz",
      "integrity": "sha512-Xy3ejL6dwVSluZL7XOWy76ya4pCw1uHwxodDK4O9XiQUiUV4FBXnt0aNJUtMeAFN0c1YujxxCmRniMvuuNn1Nw==",
      "dev": true,
      "license": "MIT",
      "peerDependencies": {
        "@deepseek-ai/cordis": "^4.0.1",
        "@deepseek-ai/dsh-invariants": "^0.1.1-rc.2"
      }
    },
    "node_modules/@deepseek-ai/dsh-session": {
      "version": "0.1.1-rc.2",
      "resolved": "https://registry.npmmirror.com/@deepseek-ai/dsh-session/-/dsh-session-0.1.1-rc.2.tgz",
      "integrity": "sha512-4/cv6X9HPhm47eyRhCu/WZwzrtJKegk5J+0xaxcZ9i8S0smdxP57tqy8a0jkSshLQn7BzMFxneQrlYExrLrDhQ==",
      "dev": true,
      "license": "MIT",
      "peerDependencies": {
        "@deepseek-ai/cordis": "^4.0.1",
        "@deepseek-ai/dsh-brand": "^0.1.1-rc.2",
        "@deepseek-ai/dsh-invariants": "^0.1.1-rc.2",
        "@deepseek-ai/dsh-llm": "^0.1.1-rc.2",
        "@deepseek-ai/dsh-scope": "^0.1.1-rc.2",
        "@deepseek-ai/dsh-typert-protocol": "^0.1.1-rc.2"
      }
    },
    "node_modules/@deepseek-ai/dsh-system-prompt": {
      "version": "0.1.1-rc.2",
      "resolved": "https://registry.npmmirror.com/@deepseek-ai/dsh-system-prompt/-/dsh-system-prompt-0.1.1-rc.2.tgz",
      "integrity": "sha512-on4hjAlYI5uX9q7Sf95YkMMBVe6heywtA/H50ksrIMUub8U2B98hO9iQpHhjwIO1F1vu+5pLcPvRr6yUGGmtXQ==",
      "dev": true,
      "license": "MIT",
      "dependencies": {
        "@deepseek-ai/schemastery": "^3.18.1"
      },
      "peerDependencies": {
        "@deepseek-ai/cordis": "^4.0.1",
        "@deepseek-ai/dsh-invariants": "^0.1.1-rc.2",
        "@deepseek-ai/dsh-llm": "^0.1.1-rc.2",
        "@deepseek-ai/dsh-scope": "^0.1.1-rc.2"
      }
    },
    "node_modules/@deepseek-ai/dsh-timeout": {
      "version": "0.1.1-rc.2",
      "resolved": "https://registry.npmmirror.com/@deepseek-ai/dsh-timeout/-/dsh-timeout-0.1.1-rc.2.tgz",
      "integrity": "sha512-RrouVgU3G5gXr9zHhpThkMG6YKdcRJzXXdPm1dq3ioBxbvxlfMSfNY4tN8lWMJxLyGtvWkPra0HQX+YWxvdOOA==",
      "dev": true,
      "license": "MIT",
      "peerDependencies": {
        "@deepseek-ai/cordis": "^4.0.1",
        "@deepseek-ai/dsh-invariants": "^0.1.1-rc.2"
      }
    },
    "node_modules/@deepseek-ai/dsh-tools": {
      "version": "0.1.1-rc.2",
      "dev": true,
      "license": "MIT",
      "dependencies": {
        "@deepseek-ai/schemastery": "^3.18.1"
      },
      "peerDependencies": {
        "@deepseek-ai/cordis": "^4.0.1",
        "@deepseek-ai/dsh-agent": "^0.1.1-rc.2",
        "@deepseek-ai/dsh-code-runtime": "^0.1.1-rc.2",
        "@deepseek-ai/dsh-invariants": "^0.1.1-rc.2",
        "@deepseek-ai/dsh-llm": "^0.1.1-rc.2",
        "@deepseek-ai/dsh-scope": "^0.1.1-rc.2",
        "@deepseek-ai/dsh-session": "^0.1.1-rc.2",
        "@deepseek-ai/dsh-system-prompt": "^0.1.1-rc.2",
        "@deepseek-ai/dsh-user-approval": "^0.1.1-rc.2"
      }
    },
    "node_modules/@deepseek-ai/dsh-typert-protocol": {
      "version": "0.1.1-rc.2",
      "resolved": "https://registry.npmmirror.com/@deepseek-ai/dsh-typert-protocol/-/dsh-typert-protocol-0.1.1-rc.2.tgz",
      "integrity": "sha512-lxBssDc5Pz1qBE5kuIyaArA7AvIPq9rpaVclylodiSzVJe95e2xruBg73tflyjtd8y00toet+DLgQ6tSSsq6Kw==",
      "dev": true,
      "license": "MIT",
      "peer": true,
      "peerDependencies": {
        "@deepseek-ai/cordis": "^4.0.1",
        "@deepseek-ai/dsh-invariants": "^0.1.1-rc.2"
      }
    },
    "node_modules/@deepseek-ai/dsh-user-approval": {
      "version": "0.1.1-rc.2",
      "resolved": "https://registry.npmmirror.com/@deepseek-ai/dsh-user-approval/-/dsh-user-approval-0.1.1-rc.2.tgz",
      "integrity": "sha512-SdsO4Rs+NeJFoertkVilXBACREOLfkKPJJznYKqDhJxeRo38RJ56dtj0Xd0/6rERmsQiMck4Bwdrzg1ubUqPNA==",
      "dev": true,
      "license": "MIT",
      "dependencies": {
        "@deepseek-ai/schemastery": "^3.18.1"
      },
      "peerDependencies": {
        "@deepseek-ai/cordis": "^4.0.1",
        "@deepseek-ai/dsh-agent": "^0.1.1-rc.2",
        "@deepseek-ai/dsh-brand": "^0.1.1-rc.2",
        "@deepseek-ai/dsh-invariants": "^0.1.1-rc.2",
        "@deepseek-ai/dsh-llm": "^0.1.1-rc.2",
        "@deepseek-ai/dsh-scope": "^0.1.1-rc.2",
        "@deepseek-ai/dsh-session": "^0.1.1-rc.2",
        "@deepseek-ai/dsh-system-prompt": "^0.1.1-rc.2"
      }
    },
    "node_modules/@deepseek-ai/schemastery": {
      "version": "3.18.2",
      "dev": true,
      "license": "MIT",
      "dependencies": {
        "@deepseek-ai/cosmokit": "^1.8.3",
        "@standard-schema/spec": "^1.1.0"
      }
    },
    "node_modules/@oxc-project/types": {
      "version": "0.147.0",
      "dev": true,
      "license": "MIT",
      "funding": {
        "url": "https://github.com/sponsors/Boshen"
      }
    },
    "node_modules/@quansync/fs": {
      "version": "1.0.0",
      "dev": true,
      "license": "MIT",
      "dependencies": {
        "quansync": "^1.0.0"
      },
      "funding": {
        "url": "https://github.com/sponsors/sxzz"
      }
    },
    "node_modules/@rolldown/binding-win32-x64-msvc": {
      "version": "1.2.6",
      "cpu": [
        "x64"
      ],
      "dev": true,
      "license": "MIT",
      "optional": true,
      "os": [
        "win32"
      ],
      "engines": {
        "node": "^20.19.0 || >=22.12.0"
      }
    },
    "node_modules/@rolldown/pluginutils": {
      "version": "1.0.1",
      "dev": true,
      "license": "MIT"
    },
    "node_modules/@standard-schema/spec": {
      "version": "1.1.0",
      "dev": true,
      "license": "MIT"
    },
    "node_modules/@types/node": {
      "version": "24.13.3",
      "dev": true,
      "license": "MIT",
      "dependencies": {
        "undici-types": "~7.18.0"
      }
    },
    "node_modules/@types/prop-types": {
      "version": "15.7.15",
      "dev": true,
      "license": "MIT"
    },
    "node_modules/@types/react": {
      "version": "18.3.31",
      "dev": true,
      "license": "MIT",
      "dependencies": {
        "@types/prop-types": "*",
        "csstype": "^3.2.2"
      }
    },
    "node_modules/@yuku-codegen/binding-win32-x64": {
      "version": "0.8.7",
      "cpu": [
        "x64"
      ],
      "dev": true,
      "license": "MIT",
      "optional": true,
      "os": [
        "win32"
      ]
    },
    "node_modules/@yuku-parser/binding-win32-x64": {
      "version": "0.8.7",
      "cpu": [
        "x64"
      ],
      "dev": true,
      "license": "MIT",
      "optional": true,
      "os": [
        "win32"
      ]
    },
    "node_modules/@yuku-toolchain/types": {
      "version": "0.8.7",
      "dev": true,
      "license": "MIT"
    },
    "node_modules/ansis": {
      "version": "4.3.1",
      "dev": true,
      "license": "ISC",
      "engines": {
        "node": ">=14"
      }
    },
    "node_modules/cac": {
      "version": "7.0.0",
      "dev": true,
      "license": "MIT",
      "engines": {
        "node": ">=20.19.0"
      }
    },
    "node_modules/csstype": {
      "version": "3.2.3",
      "dev": true,
      "license": "MIT"
    },
    "node_modules/defu": {
      "version": "6.1.7",
      "dev": true,
      "license": "MIT"
    },
    "node_modules/dts-resolver": {
      "version": "3.0.0",
      "dev": true,
      "license": "MIT",
      "engines": {
        "node": "^22.18.0 || >=24.0.0"
      },
      "funding": {
        "url": "https://github.com/sponsors/sxzz"
      },
      "peerDependencies": {
        "oxc-resolver": ">=11.0.0"
      },
      "peerDependenciesMeta": {
        "oxc-resolver": {
          "optional": true
        }
      }
    },
    "node_modules/empathic": {
      "version": "2.0.1",
      "dev": true,
      "license": "MIT",
      "engines": {
        "node": ">=14"
      }
    },
    "node_modules/fdir": {
      "version": "6.5.0",
      "dev": true,
      "license": "MIT",
      "engines": {
        "node": ">=12.0.0"
      },
      "peerDependencies": {
        "picomatch": "^3 || ^4"
      },
      "peerDependenciesMeta": {
        "picomatch": {
          "optional": true
        }
      }
    },
    "node_modules/get-tsconfig": {
      "version": "5.0.0-beta.5",
      "dev": true,
      "license": "MIT",
      "dependencies": {
        "resolve-pkg-maps": "^1.0.0"
      },
      "engines": {
        "node": ">=20.20.0"
      },
      "funding": {
        "url": "https://github.com/privatenumber/get-tsconfig?sponsor=1"
      }
    },
    "node_modules/hookable": {
      "version": "6.1.1",
      "dev": true,
      "license": "MIT"
    },
    "node_modules/import-without-cache": {
      "version": "0.4.0",
      "dev": true,
      "license": "MIT",
      "engines": {
        "node": "^22.18.0 || >=24.0.0"
      },
      "funding": {
        "url": "https://github.com/sponsors/sxzz"
      }
    },
    "node_modules/js-tokens": {
      "version": "4.0.0",
      "dev": true,
      "license": "MIT"
    },
    "node_modules/loose-envify": {
      "version": "1.4.0",
      "dev": true,
      "license": "MIT",
      "dependencies": {
        "js-tokens": "^3.0.0 || ^4.0.0"
      },
      "bin": {
        "loose-envify": "cli.js"
      }
    },
    "node_modules/obug": {
      "version": "2.1.4",
      "dev": true,
      "funding": [
        "https://github.com/sponsors/sxzz",
        "https://opencollective.com/debug"
      ],
      "license": "MIT",
      "engines": {
        "node": ">=12.20.0"
      }
    },
    "node_modules/picomatch": {
      "version": "4.0.7",
      "dev": true,
      "license": "MIT",
      "engines": {
        "node": ">=12"
      },
      "funding": {
        "url": "https://github.com/sponsors/jonschlinkert"
      }
    },
    "node_modules/quansync": {
      "version": "1.0.0",
      "dev": true,
      "funding": [
        {
          "type": "individual",
          "url": "https://github.com/sponsors/antfu"
        },
        {
          "type": "individual",
          "url": "https://github.com/sponsors/sxzz"
        }
      ],
      "license": "MIT"
    },
    "node_modules/react": {
      "version": "18.3.1",
      "dev": true,
      "license": "MIT",
      "dependencies": {
        "loose-envify": "^1.1.0"
      },
      "engines": {
        "node": ">=0.10.0"
      }
    },
    "node_modules/resolve-pkg-maps": {
      "version": "1.0.0",
      "dev": true,
      "license": "MIT",
      "funding": {
        "url": "https://github.com/privatenumber/resolve-pkg-maps?sponsor=1"
      }
    },
    "node_modules/rolldown": {
      "version": "1.2.6",
      "dev": true,
      "license": "MIT",
      "dependencies": {
        "@oxc-project/types": "=0.147.0",
        "@rolldown/pluginutils": "^1.0.0"
      },
      "bin": {
        "rolldown": "bin/cli.mjs"
      },
      "engines": {
        "node": "^20.19.0 || >=22.12.0"
      },
      "optionalDependencies": {
        "@rolldown/binding-android-arm-eabi": "1.2.6",
        "@rolldown/binding-android-arm64": "1.2.6",
        "@rolldown/binding-darwin-arm64": "1.2.6",
        "@rolldown/binding-darwin-x64": "1.2.6",
        "@rolldown/binding-freebsd-x64": "1.2.6",
        "@rolldown/binding-linux-arm-gnueabihf": "1.2.6",
        "@rolldown/binding-linux-arm64-gnu": "1.2.6",
        "@rolldown/binding-linux-arm64-musl": "1.2.6",
        "@rolldown/binding-linux-ppc64-gnu": "1.2.6",
        "@rolldown/binding-linux-s390x-gnu": "1.2.6",
        "@rolldown/binding-linux-x64-gnu": "1.2.6",
        "@rolldown/binding-linux-x64-musl": "1.2.6",
        "@rolldown/binding-openharmony-arm64": "1.2.6",
        "@rolldown/binding-win32-arm64-msvc": "1.2.6",
        "@rolldown/binding-win32-x64-msvc": "1.2.6"
      }
    },
    "node_modules/rolldown-plugin-dts": {
      "version": "0.27.14",
      "dev": true,
      "license": "MIT",
      "dependencies": {
        "dts-resolver": "^3.0.0",
        "get-tsconfig": "5.0.0-beta.5",
        "obug": "^2.1.4",
        "yuku-ast": "^0.8.0",
        "yuku-codegen": "^0.8.0",
        "yuku-parser": "^0.8.0"
      },
      "engines": {
        "node": "^22.18.0 || >=24.11.0"
      },
      "funding": {
        "url": "https://github.com/sponsors/sxzz"
      },
      "peerDependencies": {
        "@typescript/native-preview": "*",
        "@volar/typescript": "~2.4.0",
        "rolldown": "^1.0.0",
        "typescript": "^5.0.0 || ^6.0.0 || ~7.0.0",
        "vue-tsc": "~3.2.0 || ~3.3.0"
      },
      "peerDependenciesMeta": {
        "@typescript/native-preview": {
          "optional": true
        },
        "@volar/typescript": {
          "optional": true
        },
        "typescript": {
          "optional": true
        },
        "vue-tsc": {
          "optional": true
        }
      }
    },
    "node_modules/tinyexec": {
      "version": "1.3.0",
      "dev": true,
      "license": "MIT",
      "engines": {
        "node": ">=18"
      }
    },
    "node_modules/tinyglobby": {
      "version": "0.2.17",
      "dev": true,
      "license": "MIT",
      "dependencies": {
        "fdir": "^6.5.0",
        "picomatch": "^4.0.4"
      },
      "engines": {
        "node": ">=12.0.0"
      },
      "funding": {
        "url": "https://github.com/sponsors/SuperchupuDev"
      }
    },
    "node_modules/tree-kill": {
      "version": "1.2.2",
      "dev": true,
      "license": "MIT",
      "bin": {
        "tree-kill": "cli.js"
      }
    },
    "node_modules/tsdown": {
      "version": "0.22.14",
      "dev": true,
      "license": "MIT",
      "dependencies": {
        "ansis": "^4.3.1",
        "cac": "^7.0.0",
        "defu": "^6.1.7",
        "empathic": "^2.0.1",
        "hookable": "^6.1.1",
        "import-without-cache": "^0.4.0",
        "obug": "^2.1.4",
        "picomatch": "^4.0.5",
        "rolldown": "~1.2.0",
        "rolldown-plugin-dts": "^0.27.13",
        "tinyexec": "^1.2.4",
        "tinyglobby": "^0.2.17",
        "tree-kill": "^1.2.2",
        "unconfig-core": "^7.5.0",
        "verkit": "^0.3.0"
      },
      "bin": {
        "tsdown": "dist/run.mjs"
      },
      "engines": {
        "node": "^22.18.0 || >=24.11.0"
      },
      "funding": {
        "url": "https://github.com/sponsors/sxzz"
      },
      "peerDependencies": {
        "@arethetypeswrong/core": "^0.18.1",
        "@tsdown/css": "0.22.14",
        "@tsdown/exe": "0.22.14",
        "@vitejs/devtools": "*",
        "publint": "^0.3.8",
        "tsx": "*",
        "typescript": "^5.0.0 || ^6.0.0 || ^7.0.0",
        "unplugin-unused": "^0.5.0",
        "unrun": "*"
      },
      "peerDependenciesMeta": {
        "@arethetypeswrong/core": {
          "optional": true
        },
        "@tsdown/css": {
          "optional": true
        },
        "@tsdown/exe": {
          "optional": true
        },
        "@vitejs/devtools": {
          "optional": true
        },
        "publint": {
          "optional": true
        },
        "tsx": {
          "optional": true
        },
        "typescript": {
          "optional": true
        },
        "unplugin-unused": {
          "optional": true
        },
        "unrun": {
          "optional": true
        }
      }
    },
    "node_modules/typescript": {
      "version": "5.9.3",
      "dev": true,
      "license": "Apache-2.0",
      "bin": {
        "tsc": "bin/tsc",
        "tsserver": "bin/tsserver"
      },
      "engines": {
        "node": ">=14.17"
      }
    },
    "node_modules/unconfig-core": {
      "version": "7.5.0",
      "dev": true,
      "license": "MIT",
      "dependencies": {
        "@quansync/fs": "^1.0.0",
        "quansync": "^1.0.0"
      },
      "funding": {
        "url": "https://github.com/sponsors/antfu"
      }
    },
    "node_modules/undici-types": {
      "version": "7.18.2",
      "dev": true,
      "license": "MIT"
    },
    "node_modules/verkit": {
      "version": "0.3.2",
      "dev": true,
      "license": "MIT",
      "engines": {
        "node": ">=18.12.0"
      },
      "funding": {
        "url": "https://github.com/sponsors/sxzz"
      }
    },
    "node_modules/yuku-ast": {
      "version": "0.8.7",
      "dev": true,
      "license": "MIT",
      "dependencies": {
        "@yuku-toolchain/types": "^0.8.7"
      }
    },
    "node_modules/yuku-codegen": {
      "version": "0.8.7",
      "dev": true,
      "license": "MIT",
      "dependencies": {
        "@yuku-toolchain/types": "^0.8.7"
      },
      "optionalDependencies": {
        "@yuku-codegen/binding-android-arm64": "0.8.7",
        "@yuku-codegen/binding-darwin-arm64": "0.8.7",
        "@yuku-codegen/binding-darwin-x64": "0.8.7",
        "@yuku-codegen/binding-freebsd-x64": "0.8.7",
        "@yuku-codegen/binding-linux-arm-gnu": "0.8.7",
        "@yuku-codegen/binding-linux-arm-musl": "0.8.7",
        "@yuku-codegen/binding-linux-arm64-gnu": "0.8.7",
        "@yuku-codegen/binding-linux-arm64-musl": "0.8.7",
        "@yuku-codegen/binding-linux-x64-gnu": "0.8.7",
        "@yuku-codegen/binding-linux-x64-musl": "0.8.7",
        "@yuku-codegen/binding-win32-arm64": "0.8.7",
        "@yuku-codegen/binding-win32-x64": "0.8.7"
      }
    },
    "node_modules/yuku-parser": {
      "version": "0.8.7",
      "dev": true,
      "license": "MIT",
      "dependencies": {
        "@yuku-toolchain/types": "^0.8.7",
        "yuku-ast": "^0.8.7"
      },
      "optionalDependencies": {
        "@yuku-parser/binding-android-arm64": "0.8.7",
        "@yuku-parser/binding-darwin-arm64": "0.8.7",
        "@yuku-parser/binding-darwin-x64": "0.8.7",
        "@yuku-parser/binding-freebsd-x64": "0.8.7",
        "@yuku-parser/binding-linux-arm-gnu": "0.8.7",
        "@yuku-parser/binding-linux-arm-musl": "0.8.7",
        "@yuku-parser/binding-linux-arm64-gnu": "0.8.7",
        "@yuku-parser/binding-linux-arm64-musl": "0.8.7",
        "@yuku-parser/binding-linux-x64-gnu": "0.8.7",
        "@yuku-parser/binding-linux-x64-musl": "0.8.7",
        "@yuku-parser/binding-win32-arm64": "0.8.7",
        "@yuku-parser/binding-win32-x64": "0.8.7"
      }
    }
  }
}
